PODS:
  - AFNetworkActivityLogger (2.0.4):
    - AFNetworking/NSURLConnection (~> 2.0)
    - AFNetworking/NSURLSession (~> 2.0)
  - AFNetworking (2.5.1):
    - AFNetworking/NSURLConnection (= 2.5.1)
    - AFNetworking/NSURLSession (= 2.5.1)
    - AFNetworking/Reachability (= 2.5.1)
    - AFNetworking/Security (= 2.5.1)
    - AFNetworking/Serialization (= 2.5.1)
    - AFNetworking/UIKit (= 2.5.1)
  - AFNetworking/NSURLConnection (2.5.1):
    - AFNetworking/Reachability
    - AFNetworking/Security
    - AFNetworking/Serialization
  - AFNetworking/NSURLSession (2.5.1):
    - AFNetworking/Reachability
    - AFNetworking/Security
    - AFNetworking/Serialization
  - AFNetworking/Reachability (2.5.1)
  - AFNetworking/Security (2.5.1)
  - AFNetworking/Serialization (2.5.1)
  - AFNetworking/UIKit (2.5.1):
    - AFNetworking/NSURLConnection
    - AFNetworking/NSURLSession
  - Bolts (1.1.3)
  - DAKeyboardControl (2.4.0)
  - Fabric/Core (1.1.2)
  - Fabric/Crashlytics (1.1.2):
    - Fabric/Core
  - GoogleAnalytics-iOS-SDK (3.10):
    - GoogleAnalytics-iOS-SDK/Core (= 3.10)
  - GoogleAnalytics-iOS-SDK/Core (3.10)
  - Instabug (3.23)
  - libextobjc (0.4.1):
    - libextobjc/EXTADT (= 0.4.1)
    - libextobjc/EXTConcreteProtocol (= 0.4.1)
    - libextobjc/EXTKeyPathCoding (= 0.4.1)
    - libextobjc/EXTNil (= 0.4.1)
    - libextobjc/EXTSafeCategory (= 0.4.1)
    - libextobjc/EXTScope (= 0.4.1)
    - libextobjc/EXTSelectorChecking (= 0.4.1)
    - libextobjc/EXTSynthesize (= 0.4.1)
    - libextobjc/NSInvocation+EXT (= 0.4.1)
    - libextobjc/NSMethodSignature+EXT (= 0.4.1)
    - libextobjc/RuntimeExtensions (= 0.4.1)
    - libextobjc/UmbrellaHeader (= 0.4.1)
  - libextobjc/EXTADT (0.4.1):
    - libextobjc/RuntimeExtensions
  - libextobjc/EXTConcreteProtocol (0.4.1):
    - libextobjc/RuntimeExtensions
  - libextobjc/EXTKeyPathCoding (0.4.1):
    - libextobjc/RuntimeExtensions
  - libextobjc/EXTNil (0.4.1):
    - libextobjc/RuntimeExtensions
  - libextobjc/EXTSafeCategory (0.4.1):
    - libextobjc/RuntimeExtensions
  - libextobjc/EXTScope (0.4.1):
    - libextobjc/RuntimeExtensions
  - libextobjc/EXTSelectorChecking (0.4.1):
    - libextobjc/RuntimeExtensions
  - libextobjc/EXTSynthesize (0.4.1):
    - libextobjc/RuntimeExtensions
  - libextobjc/NSInvocation+EXT (0.4.1):
    - libextobjc/RuntimeExtensions
  - libextobjc/NSMethodSignature+EXT (0.4.1):
    - libextobjc/RuntimeExtensions
  - libextobjc/RuntimeExtensions (0.4.1)
  - libextobjc/UmbrellaHeader (0.4.1)
  - Mantle (1.5.4):
    - Mantle/extobjc (= 1.5.4)
  - Mantle/extobjc (1.5.4)
  - Parse (1.6.3):
    - Bolts (~> 1.1)
  - PulsingHalo (0.0.4)
  - RXCollections (1.0)
  - UIView-Autolayout (0.2.0)

DEPENDENCIES:
  - AFNetworkActivityLogger
  - AFNetworking
  - DAKeyboardControl
  - Fabric/Crashlytics
  - GoogleAnalytics-iOS-SDK
  - Instabug
  - libextobjc
  - Mantle
  - Parse
  - PulsingHalo (from `https://github.com/shu223/PulsingHalo.git`)
  - RXCollections
  - UIView-Autolayout

EXTERNAL SOURCES:
  PulsingHalo:
    :git: https://github.com/shu223/PulsingHalo.git

CHECKOUT OPTIONS:
  PulsingHalo:
    :commit: f3dbe609e6f0c15729d5abe9ec547318763481d7
    :git: https://github.com/shu223/PulsingHalo.git

SPEC CHECKSUMS:
  AFNetworkActivityLogger: cdaa92ea0d544835babe0ba097e7806182d8f837
  AFNetworking: 8bee59492a6ff15d69130efa4d0dc67e0094a52a
  Bolts: 3db0a875235e0c9042b013af13af0f00f79b102c
  DAKeyboardControl: 45a363c85c48a7df76f21f236d9f85800e001775
  Fabric: e02d1e589fba3b317c012447b12cd2c0c3063d72
  GoogleAnalytics-iOS-SDK: f422062075d9ccb1ea8d783fc5ba3829461e9502
  Instabug: d685b75d41100d9914262190fb3acae33c354e77
  libextobjc: d6146fce3ebea986b7f75fcb4c967639200b88b0
  Mantle: d5fbaf30fbc58031223af13812c060e15934a1fe
  Parse: f725f76ef200c5127420690fc6882e57c3813923
  PulsingHalo: 91a96da0e0008202039f0faf7368ed9b8b575222
  RXCollections: 96cbe2ebea1a3b5ab8ca7a50f4296fb7fa05adc1
  UIView-Autolayout: 7c05eb666738eba682f686c2da236578177e2ebb

COCOAPODS: 0.35.0
